// !$*UTF8*$!
{
	archiveVersion = 1;
	classes = {
	};
	objectVersion = 50;
	objects = {

/* Begin PBXBuildFile section */
		E019F8FC23CE957F009555AD /* AppDelegate.swift in Sources */ = {isa = PBXBuildFile; fileRef = E019F8FB23CE957F009555AD /* AppDelegate.swift */; };
		E019F8FE23CE957F009555AD /* SceneDelegate.swift in Sources */ = {isa = PBXBuildFile; fileRef = E019F8FD23CE957F009555AD /* SceneDelegate.swift */; };
		E019F90023CE957F009555AD /* ContentView.swift in Sources */ = {isa = PBXBuildFile; fileRef = E019F8FF23CE957F009555AD /* ContentView.swift */; };
		E019F90223CE9584009555AD /* Assets.xcassets in Resources */ = {isa = PBXBuildFile; fileRef = E019F90123CE9584009555AD /* Assets.xcassets */; };
		E019F90523CE9584009555AD /* Preview Assets.xcassets in Resources */ = {isa = PBXBuildFile; fileRef = E019F90423CE9584009555AD /* Preview Assets.xcassets */; };
		E019F90823CE9584009555AD /* LaunchScreen.storyboard in Resources */ = {isa = PBXBuildFile; fileRef = E019F90623CE9584009555AD /* LaunchScreen.storyboard */; };
		E019F91023CE95F0009555AD /* Task.swift in Sources */ = {isa = PBXBuildFile; fileRef = E019F90F23CE95F0009555AD /* Task.swift */; };
		E019F91323CE9658009555AD /* TaskStore.swift in Sources */ = {isa = PBXBuildFile; fileRef = E019F91223CE9658009555AD /* TaskStore.swift */; };
		E019F91723CEA1CC009555AD /* NewTaskView.swift in Sources */ = {isa = PBXBuildFile; fileRef = E019F91623CEA1CC009555AD /* NewTaskView.swift */; };
		E019F91A23CFF677009555AD /* RowView.swift in Sources */ = {isa = PBXBuildFile; fileRef = E019F91923CFF677009555AD /* RowView.swift */; };
		E019F91C23D00784009555AD /* TaskEditingView.swift in Sources */ = {isa = PBXBuildFile; fileRef = E019F91B23D00784009555AD /* TaskEditingView.swift */; };
		E019F92223D0096E009555AD /* ForEach.swift in Sources */ = {isa = PBXBuildFile; fileRef = E019F92023D0096E009555AD /* ForEach.swift */; };
		E019F92323D0096E009555AD /* IndexedCollection.swift in Sources */ = {isa = PBXBuildFile; fileRef = E019F92123D0096E009555AD /* IndexedCollection.swift */; };
/* End PBXBuildFile section */

/* Begin PBXFileReference section */
		E019F8F823CE957F009555AD /* Tasks.app */ = {isa = PBXFileReference; explicitFileType = wrapper.application; includeInIndex = 0; path = Tasks.app; sourceTree = BUILT_PRODUCTS_DIR; };
		E019F8FB23CE957F009555AD /* AppDelegate.swift */ = {isa = PBXFileReference; lastKnownFileType = sourcecode.swift; path = AppDelegate.swift; sourceTree = "<group>"; };
		E019F8FD23CE957F009555AD /* SceneDelegate.swift */ = {isa = PBXFileReference; lastKnownFileType = sourcecode.swift; path = SceneDelegate.swift; sourceTree = "<group>"; };
		E019F8FF23CE957F009555AD /* ContentView.swift */ = {isa = PBXFileReference; lastKnownFileType = sourcecode.swift; path = ContentView.swift; sourceTree = "<group>"; };
		E019F90123CE9584009555AD /* Assets.xcassets */ = {isa = PBXFileReference; lastKnownFileType = folder.assetcatalog; path = Assets.xcassets; sourceTree = "<group>"; };
		E019F90423CE9584009555AD /* Preview Assets.xcassets */ = {isa = PBXFileReference; lastKnownFileType = folder.assetcatalog; path = "Preview Assets.xcassets"; sourceTree = "<group>"; };
		E019F90723CE9584009555AD /* Base */ = {isa = PBXFileReference; lastKnownFileType = file.storyboard; name = Base; path = Base.lproj/LaunchScreen.storyboard; sourceTree = "<group>"; };
		E019F90923CE9584009555AD /* Info.plist */ = {isa = PBXFileReference; lastKnownFileType = text.plist.xml; path = Info.plist; sourceTree = "<group>"; };
		E019F90F23CE95F0009555AD /* Task.swift */ = {isa = PBXFileReference; lastKnownFileType = sourcecode.swift; path = Task.swift; sourceTree = "<group>"; };
		E019F91223CE9658009555AD /* TaskStore.swift */ = {isa = PBXFileReference; lastKnownFileType = sourcecode.swift; path = TaskStore.swift; sourceTree = "<group>"; };
		E019F91623CEA1CC009555AD /* NewTaskView.swift */ = {isa = PBXFileReference; lastKnownFileType = sourcecode.swift; path = NewTaskView.swift; sourceTree = "<group>"; };
		E019F91923CFF677009555AD /* RowView.swift */ = {isa = PBXFileReference; lastKnownFileType = sourcecode.swift; path = RowView.swift; sourceTree = "<group>"; };
		E019F91B23D00784009555AD /* TaskEditingView.swift */ = {isa = PBXFileReference; lastKnownFileType = sourcecode.swift; path = TaskEditingView.swift; sourceTree = "<group>"; };
		E019F92023D0096E009555AD /* ForEach.swift */ = {isa = PBXFileReference; fileEncoding = 4; lastKnownFileType = sourcecode.swift; name = ForEach.swift; path = "../../../../../SwiftCourse/P03E04 Binding/Begin/TaskList/extension/ForEach.swift"; sourceTree = "<group>"; };
		E019F92123D0096E009555AD /* IndexedCollection.swift */ = {isa = PBXFileReference; fileEncoding = 4; lastKnownFileType = sourcecode.swift; name = IndexedCollection.swift; path = "../../../../../SwiftCourse/P03E04 Binding/Begin/TaskList/extension/IndexedCollection.swift"; sourceTree = "<group>"; };
/* End PBXFileReference section */

/* Begin PBXFrameworksBuildPhase section */
		E019F8F523CE957F009555AD /* Frameworks */ = {
			isa = PBXFrameworksBuildPhase;
			buildActionMask = 2147483647;
			files = (
			);
			runOnlyForDeploymentPostprocessing = 0;
		};
/* End PBXFrameworksBuildPhase section */

/* Begin PBXGroup section */
		E019F8EF23CE957F009555AD = {
			isa = PBXGroup;
			children = (
				E019F8FA23CE957F009555AD /* Tasks */,
				E019F8F923CE957F009555AD /* Products */,
			);
			sourceTree = "<group>";
		};
		E019F8F923CE957F009555AD /* Products */ = {
			isa = PBXGroup;
			children = (
				E019F8F823CE957F009555AD /* Tasks.app */,
			);
			name = Products;
			sourceTree = "<group>";
		};
		E019F8FA23CE957F009555AD /* Tasks */ = {
			isa = PBXGroup;
			children = (
				E019F91F23D00957009555AD /* extension */,
				E019F8FB23CE957F009555AD /* AppDelegate.swift */,
				E019F8FD23CE957F009555AD /* SceneDelegate.swift */,
				E019F91823CEA1D3009555AD /* Views */,
				E019F91123CE9619009555AD /* Models */,
				E019F90123CE9584009555AD /* Assets.xcassets */,
				E019F90623CE9584009555AD /* LaunchScreen.storyboard */,
				E019F90923CE9584009555AD /* Info.plist */,
				E019F90323CE9584009555AD /* Preview Content */,
			);
			path = Tasks;
			sourceTree = "<group>";
		};
		E019F90323CE9584009555AD /* Preview Content */ = {
			isa = PBXGroup;
			children = (
				E019F90423CE9584009555AD /* Preview Assets.xcassets */,
			);
			path = "Preview Content";
			sourceTree = "<group>";
		};
		E019F91123CE9619009555AD /* Models */ = {
			isa = PBXGroup;
			children = (
				E019F90F23CE95F0009555AD /* Task.swift */,
				E019F91223CE9658009555AD /* TaskStore.swift */,
			);
			path = Models;
			sourceTree = "<group>";
		};
		E019F91823CEA1D3009555AD /* Views */ = {
			isa = PBXGroup;
			children = (
				E019F8FF23CE957F009555AD /* ContentView.swift */,
				E019F91623CEA1CC009555AD /* NewTaskView.swift */,
				E019F91923CFF677009555AD /* RowView.swift */,
				E019F91B23D00784009555AD /* TaskEditingView.swift */,
			);
			path = Views;
			sourceTree = "<group>";
		};
		E019F91F23D00957009555AD /* extension */ = {
			isa = PBXGroup;
			children = (
				E019F92023D0096E009555AD /* ForEach.swift */,
				E019F92123D0096E009555AD /* IndexedCollection.swift */,
			);
			path = extension;
			sourceTree = "<group>";
		};
/* End PBXGroup section */

/* Begin PBXNativeTarget section */
		E019F8F723CE957F009555AD /* Tasks */ = {
			isa = PBXNativeTarget;
			buildConfigurationList = E019F90C23CE9584009555AD /* Build configuration list for PBXNativeTarget "Tasks" */;
			buildPhases = (
				E019F8F423CE957F009555AD /* Sources */,
				E019F8F523CE957F009555AD /* Frameworks */,
				E019F8F623CE957F009555AD /* Resources */,
			);
			buildRules = (
			);
			dependencies = (
			);
			name = Tasks;
			productName = Tasks;
			productReference = E019F8F823CE957F009555AD /* Tasks.app */;
			productType = "com.apple.product-type.application";
		};
/* End PBXNativeTarget section */

/* Begin PBXProject section */
		E019F8F023CE957F009555AD /* Project object */ = {
			isa = PBXProject;
			attributes = {
				LastSwiftUpdateCheck = 1130;
				LastUpgradeCheck = 1130;
				ORGANIZATIONNAME = "Jason Kim";
				TargetAttributes = {
					E019F8F723CE957F009555AD = {
						CreatedOnToolsVersion = 11.3.1;
					};
				};
			};
			buildConfigurationList = E019F8F323CE957F009555AD /* Build configuration list for PBXProject "Tasks" */;
			compatibilityVersion = "Xcode 9.3";
			developmentRegion = en;
			hasScannedForEncodings = 0;
			knownRegions = (
				en,
				Base,
			);
			mainGroup = E019F8EF23CE957F009555AD;
			productRefGroup = E019F8F923CE957F009555AD /* Products */;
			projectDirPath = "";
			projectRoot = "";
			targets = (
				E019F8F723CE957F009555AD /* Tasks */,
			);
		};
/* End PBXProject section */

/* Begin PBXResourcesBuildPhase section */
		E019F8F623CE957F009555AD /* Resources */ = {
			isa = PBXResourcesBuildPhase;
			buildActionMask = 2147483647;
			files = (
				E019F90823CE9584009555AD /* LaunchScreen.storyboard in Resources */,
				E019F90523CE9584009555AD /* Preview Assets.xcassets in Resources */,
				E019F90223CE9584009555AD /* Assets.xcassets in Resources */,
			);
			runOnlyForDeploymentPostprocessing = 0;
		};
/* End PBXResourcesBuildPhase section */

/* Begin PBXSourcesBuildPhase section */
		E019F8F423CE957F009555AD /* Sources */ = {
			isa = PBXSourcesBuildPhase;
			buildActionMask = 2147483647;
			files = (
				E019F91323CE9658009555AD /* TaskStore.swift in Sources */,
				E019F92323D0096E009555AD /* IndexedCollection.swift in Sources */,
				E019F91023CE95F0009555AD /* Task.swift in Sources */,
				E019F91C23D00784009555AD /* TaskEditingView.swift in Sources */,
				E019F92223D0096E009555AD /* ForEach.swift in Sources */,
				E019F91A23CFF677009555AD /* RowView.swift in Sources */,
				E019F91723CEA1CC009555AD /* NewTaskView.swift in Sources */,
				E019F8FC23CE957F009555AD /* AppDelegate.swift in Sources */,
				E019F8FE23CE957F009555AD /* SceneDelegate.swift in Sources */,
				E019F90023CE957F009555AD /* ContentView.swift in Sources */,
			);
			runOnlyForDeploymentPostprocessing = 0;
		};
/* End PBXSourcesBuildPhase section */

/* Begin PBXVariantGroup section */
		E019F90623CE9584009555AD /* LaunchScreen.storyboard */ = {
			isa = PBXVariantGroup;
			children = (
				E019F90723CE9584009555AD /* Base */,
			);
			name = LaunchScreen.storyboard;
			sourceTree = "<group>";
		};
/* End PBXVariantGroup section */

/* Begin XCBuildConfiguration section */
		E019F90A23CE9584009555AD /* Debug */ = {
			isa = XCBuildConfiguration;
			buildSettings = {
				ALWAYS_SEARCH_USER_PATHS = NO;
				CLANG_ANALYZER_NONNULL = YES;
				CLANG_ANALYZER_NUMBER_OBJECT_CONVERSION = YES_AGGRESSIVE;
				CLANG_CXX_LANGUAGE_STANDARD = "gnu++14";
				CLANG_CXX_LIBRARY = "libc++";
				CLANG_ENABLE_MODULES = YES;
				CLANG_ENABLE_OBJC_ARC = YES;
				CLANG_ENABLE_OBJC_WEAK = YES;
				CLANG_WARN_BLOCK_CAPTURE_AUTORELEASING = YES;
				CLANG_WARN_BOOL_CONVERSION = YES;
				CLANG_WARN_COMMA = YES;
				CLANG_WARN_CONSTANT_CONVERSION = YES;
				CLANG_WARN_DEPRECATED_OBJC_IMPLEMENTATIONS = YES;
				CLANG_WARN_DIRECT_OBJC_ISA_USAGE = YES_ERROR;
				CLANG_WARN_DOCUMENTATION_COMMENTS = YES;
				CLANG_WARN_EMPTY_BODY = YES;
				CLANG_WARN_ENUM_CONVERSION = YES;
				CLANG_WARN_INFINITE_RECURSION = YES;
				CLANG_WARN_INT_CONVERSION = YES;
				CLANG_WARN_NON_LITERAL_NULL_CONVERSION = YES;
				CLANG_WARN_OBJC_IMPLICIT_RETAIN_SELF = YES;
				CLANG_WARN_OBJC_LITERAL_CONVERSION = YES;
				CLANG_WARN_OBJC_ROOT_CLASS = YES_ERROR;
				CLANG_WARN_RANGE_LOOP_ANALYSIS = YES;
				CLANG_WARN_STRICT_PROTOTYPES = YES;
				CLANG_WARN_SUSPICIOUS_MOVE = YES;
				CLANG_WARN_UNGUARDED_AVAILABILITY = YES_AGGRESSIVE;
				CLANG_WARN_UNREACHABLE_CODE = YES;
				CLANG_WARN__DUPLICATE_METHOD_MATCH = YES;
				COPY_PHASE_STRIP = NO;
				DEBUG_INFORMATION_FORMAT = dwarf;
				ENABLE_STRICT_OBJC_MSGSEND = YES;
				ENABLE_TESTABILITY = YES;
				GCC_C_LANGUAGE_STANDARD = gnu11;
				GCC_DYNAMIC_NO_PIC = NO;
				GCC_NO_COMMON_BLOCKS = YES;
				GCC_OPTIMIZATION_LEVEL = 0;
				GCC_PREPROCESSOR_DEFINITIONS = (
					"DEBUG=1",
					"$(inherited)",
				);
				GCC_WARN_64_TO_32_BIT_CONVERSION = YES;
				GCC_WARN_ABOUT_RETURN_TYPE = YES_ERROR;
				GCC_WARN_UNDECLARED_SELECTOR = YES;
				GCC_WARN_UNINITIALIZED_AUTOS = YES_AGGRESSIVE;
				GCC_WARN_UNUSED_FUNCTION = YES;
				GCC_WARN_UNUSED_VARIABLE = YES;
				IPHONEOS_DEPLOYMENT_TARGET = 13.2;
				MTL_ENABLE_DEBUG_INFO = INCLUDE_SOURCE;
				MTL_FAST_MATH = YES;
				ONLY_ACTIVE_ARCH = YES;
				SDKROOT = iphoneos;
				SWIFT_ACTIVE_COMPILATION_CONDITIONS = DEBUG;
				SWIFT_OPTIMIZATION_LEVEL = "-Onone";
			};
			name = Debug;
		};
		E019F90B23CE9584009555AD /* Release */ = {
			isa = XCBuildConfiguration;
			buildSettings = {
				ALWAYS_SEARCH_USER_PATHS = NO;
				CLANG_ANALYZER_NONNULL = YES;
				CLANG_ANALYZER_NUMBER_OBJECT_CONVERSION = YES_AGGRESSIVE;
				CLANG_CXX_LANGUAGE_STANDARD = "gnu++14";
				CLANG_CXX_LIBRARY = "libc++";
				CLANG_ENABLE_MODULES = YES;
				CLANG_ENABLE_OBJC_ARC = YES;
				CLANG_ENABLE_OBJC_WEAK = YES;
				CLANG_WARN_BLOCK_CAPTURE_AUTORELEASING = YES;
				CLANG_WARN_BOOL_CONVERSION = YES;
				CLANG_WARN_COMMA = YES;
				CLANG_WARN_CONSTANT_CONVERSION = YES;
				CLANG_WARN_DEPRECATED_OBJC_IMPLEMENTATIONS = YES;
				CLANG_WARN_DIRECT_OBJC_ISA_USAGE = YES_ERROR;
				CLANG_WARN_DOCUMENTATION_COMMENTS = YES;
				CLANG_WARN_EMPTY_BODY = YES;
				CLANG_WARN_ENUM_CONVERSION = YES;
				CLANG_WARN_INFINITE_RECURSION = YES;
				CLANG_WARN_INT_CONVERSION = YES;
				CLANG_WARN_NON_LITERAL_NULL_CONVERSION = YES;
				CLANG_WARN_OBJC_IMPLICIT_RETAIN_SELF = YES;
				CLANG_WARN_OBJC_LITERAL_CONVERSION = YES;
				CLANG_WARN_OBJC_ROOT_CLASS = YES_ERROR;
				CLANG_WARN_RANGE_LOOP_ANALYSIS = YES;
				CLANG_WARN_STRICT_PROTOTYPES = YES;
				CLANG_WARN_SUSPICIOUS_MOVE = YES;
				CLANG_WARN_UNGUARDED_AVAILABILITY = YES_AGGRESSIVE;
				CLANG_WARN_UNREACHABLE_CODE = YES;
				CLANG_WARN__DUPLICATE_METHOD_MATCH = YES;
				COPY_PHASE_STRIP = NO;
				DEBUG_INFORMATION_FORMAT = "dwarf-with-dsym";
				ENABLE_NS_ASSERTIONS = NO;
				ENABLE_STRICT_OBJC_MSGSEND = YES;
				GCC_C_LANGUAGE_STANDARD = gnu11;
				GCC_NO_COMMON_BLOCKS = YES;
				GCC_WARN_64_TO_32_BIT_CONVERSION = YES;
				GCC_WARN_ABOUT_RETURN_TYPE = YES_ERROR;
				GCC_WARN_UNDECLARED_SELECTOR = YES;
				GCC_WARN_UNINITIALIZED_AUTOS = YES_AGGRESSIVE;
				GCC_WARN_UNUSED_FUNCTION = YES;
				GCC_WARN_UNUSED_VARIABLE = YES;
				IPHONEOS_DEPLOYMENT_TARGET = 13.2;
				MTL_ENABLE_DEBUG_INFO = NO;
				MTL_FAST_MATH = YES;
				SDKROOT = iphoneos;
				SWIFT_COMPILATION_MODE = wholemodule;
				SWIFT_OPTIMIZATION_LEVEL = "-O";
				VALIDATE_PRODUCT = YES;
			};
			name = Release;
		};
		E019F90D23CE9584009555AD /* Debug */ = {
			isa = XCBuildConfiguration;
			buildSettings = {
				ASSETCATALOG_COMPILER_APPICON_NAME = AppIcon;
				CODE_SIGN_STYLE = Automatic;
				DEVELOPMENT_ASSET_PATHS = "\"Tasks/Preview Content\"";
				DEVELOPMENT_TEAM = H972SUZMC4;
				ENABLE_PREVIEWS = YES;
				INFOPLIST_FILE = Tasks/Info.plist;
				LD_RUNPATH_SEARCH_PATHS = (
					"$(inherited)",
					"@executable_path/Frameworks",
				);
				PRODUCT_BUNDLE_IDENTIFIER = com.jsykim.Tasks;
				PRODUCT_NAME = "$(TARGET_NAME)";
				SWIFT_VERSION = 5.0;
				TARGETED_DEVICE_FAMILY = "1,2";
			};
			name = Debug;
		};
		E019F90E23CE9584009555AD /* Release */ = {
			isa = XCBuildConfiguration;
			buildSettings = {
				ASSETCATALOG_COMPILER_APPICON_NAME = AppIcon;
				CODE_SIGN_STYLE = Automatic;
				DEVELOPMENT_ASSET_PATHS = "\"Tasks/Preview Content\"";
				DEVELOPMENT_TEAM = H972SUZMC4;
				ENABLE_PREVIEWS = YES;
				INFOPLIST_FILE = Tasks/Info.plist;
				LD_RUNPATH_SEARCH_PATHS = (
					"$(inherited)",
					"@executable_path/Frameworks",
				);
				PRODUCT_BUNDLE_IDENTIFIER = com.jsykim.Tasks;
				PRODUCT_NAME = "$(TARGET_NAME)";
				SWIFT_VERSION = 5.0;
				TARGETED_DEVICE_FAMILY = "1,2";
			};
			name = Release;
		};
/* End XCBuildConfiguration section */

/* Begin XCConfigurationList section */
		E019F8F323CE957F009555AD /* Build configuration list for PBXProject "Tasks" */ = {
			isa = XCConfigurationList;
			buildConfigurations = (
				E019F90A23CE9584009555AD /* Debug */,
				E019F90B23CE9584009555AD /* Release */,
			);
			defaultConfigurationIsVisible = 0;
			defaultConfigurationName = Release;
		};
		E019F90C23CE9584009555AD /* Build configuration list for PBXNativeTarget "Tasks" */ = {
			isa = XCConfigurationList;
			buildConfigurations = (
				E019F90D23CE9584009555AD /* Debug */,
				E019F90E23CE9584009555AD /* Release */,
			);
			defaultConfigurationIsVisible = 0;
			defaultConfigurationName = Release;
		};
/* End XCConfigurationList section */
	};
	rootObject = E019F8F023CE957F009555AD /* Project object */;
}
